PODS:
  - CocoaAsyncSocket (7.6.5)
  - Expecta (1.0.6)
  - "Expecta+Snapshots (3.2.0)":
    - Expecta (~> 1.0)
    - iOSSnapshotTestCase (~> 8.0)
    - Specta (~> 2.0)
  - FBSnapshotTestCase (2.1.4):
    - FBSnapshotTestCase/SwiftSupport (= 2.1.4)
  - FBSnapshotTestCase/Core (2.1.4)
  - FBSnapshotTestCase/SwiftSupport (2.1.4):
    - FBSnapshotTestCase/Core
  - iOSSnapshotTestCase (8.0.0):
    - iOSSnapshotTestCase/SwiftSupport (= 8.0.0)
  - iOSSnapshotTestCase/Core (8.0.0)
  - iOSSnapshotTestCase/SwiftSupport (8.0.0):
    - iOSSnapshotTestCase/Core
  - MyUltronServer (0.1.6):
    - CocoaAsyncSocket (~> 7.6)
  - Specta (2.0.0)

DEPENDENCIES:
  - Expecta
  - "Expecta+Snapshots"
  - FBSnapshotTestCase
  - MyUltronServer (from `../`)
  - Specta

SPEC REPOS:
  trunk:
    - CocoaAsyncSocket
    - Expecta
    - "Expecta+Snapshots"
    - FBSnapshotTestCase
    - iOSSnapshotTestCase
    - Specta

EXTERNAL SOURCES:
  MyUltronServer:
    :path: "../"

SPEC CHECKSUMS:
  CocoaAsyncSocket: 065fd1e645c7abab64f7a6a2007a48038fdc6a99
  Expecta: 3b6bd90a64b9a1dcb0b70aa0e10a7f8f631667d5
  "Expecta+Snapshots": 7a3ac7ad2b9bae43aadb4dca08113bb495c98f3e
  FBSnapshotTestCase: 094f9f314decbabe373b87cc339bea235a63e07a
  iOSSnapshotTestCase: a670511f9ee3829c2b9c23e6e68f315fd7b6790f
  MyUltronServer: b7a26ba1b64e9d86b8441536b135114e6059034d
  Specta: b79d84043684b35ffdc2680df578dc318ec2efc2

PODFILE CHECKSUM: 57e8ababa57abd870ae0d3de7da882e0e4f65fe0

COCOAPODS: 1.16.2
